
Microsoft Visual Studio Solution File, Format Version 12.00
# Visual Studio Version 16
VisualStudioVersion = 16.0.30907.101
MinimumVisualStudioVersion = 10.0.40219.1
Project("{FAE04EC0-301F-11D3-BF4B-00C04F79EFBC}") = "WebApplication5", "WebApplication5\WebApplication5.csproj", "{4540D7C4-4DDE-48E4-9C92-5E5860F7B914}"
EndProject
Global
	GlobalSection(SolutionConfigurationPlatforms) = preSolution
		Debug|Any CPU = Debug|Any CPU
		Release|Any CPU = Release|Any CPU
	EndGlobalSection
	GlobalSection(ProjectConfigurationPlatforms) = postSolution
		{4540D7C4-4DDE-48E4-9C92-5E5860F7B914}.Debug|Any CPU.ActiveCfg = Debug|Any CPU
		{4540D7C4-4DDE-48E4-9C92-5E5860F7B914}.Debug|Any CPU.Build.0 = Debug|Any CPU
		{4540D7C4-4DDE-48E4-9C92-5E5860F7B914}.Release|Any CPU.ActiveCfg = Release|Any CPU
		{4540D7C4-4DDE-48E4-9C92-5E5860F7B914}.Release|Any CPU.Build.0 = Release|Any CPU
	EndGlobalSection
	GlobalSection(SolutionProperties) = preSolution
		HideSolutionNode = FALSE
	EndGlobalSection
	GlobalSection(ExtensibilityGlobals) = postSolution
		SolutionGuid = {AFA08BBC-2963-4772-87BC-D6D8F5BDF6A0}
	EndGlobalSection
EndGlobal
